
Microsoft Visual Studio Solution File, Format Version 12.00
# Visual Studio Version 16
VisualStudioVersion = 16.0.29215.179
MinimumVisualStudioVersion = 10.0.40219.1
Project("{2150E333-8FDC-42A3-9474-1A3956D46DE8}") = "src", "src", "{9964966D-390B-47BC-9B60-CAFFCF1381B3}"
EndProject
Project("{9A19103F-16F7-4668-BE54-9A1E7A4F7556}") = "CodeArts", "src\CodeArts\CodeArts.csproj", "{E12DD9B0-64A0-4BCA-9D4C-151F45FD5678}"
EndProject
Project("{2150E333-8FDC-42A3-9474-1A3956D46DE8}") = "Tests", "Tests", "{73F52972-A0A2-42F2-B1A5-FEDCAC330FD8}"
EndProject
Project("{9A19103F-16F7-4668-BE54-9A1E7A4F7556}") = "CodeArts.Tests", "Tests\CodeArts.Tests\CodeArts.Tests.csproj", "{D043C476-63BE-465C-A1DF-9656B277C767}"
EndProject
Project("{9A19103F-16F7-4668-BE54-9A1E7A4F7556}") = "CodeArts.ORM", "src\CodeArts.ORM\CodeArts.ORM.csproj", "{1ECBBDC3-672C-495F-AED6-60124EB9FB76}"
EndProject
Project("{9A19103F-16F7-4668-BE54-9A1E7A4F7556}") = "CodeArts.ORM.Tests", "Tests\CodeArts.ORM.Tests\CodeArts.ORM.Tests.csproj", "{6F7A3885-7F33-41EC-B45F-210A9A0F582C}"
EndProject
Project("{9A19103F-16F7-4668-BE54-9A1E7A4F7556}") = "CodeArts.Dapper", "src\CodeArts.Dapper\CodeArts.Dapper.csproj", "{720FDBC3-50E4-4327-BD2C-A99AA06EA0D6}"
EndProject
Project("{9A19103F-16F7-4668-BE54-9A1E7A4F7556}") = "CodeArts.SqlServer", "src\CodeArts.SqlServer\CodeArts.SqlServer.csproj", "{05A66468-2528-4F7F-BC08-E09E76A2891A}"
EndProject
Project("{9A19103F-16F7-4668-BE54-9A1E7A4F7556}") = "CodeArts.MySql", "src\CodeArts.MySql\CodeArts.MySql.csproj", "{5FA94B22-171D-44BB-8B5C-6CA79F626787}"
EndProject
Project("{2150E333-8FDC-42A3-9474-1A3956D46DE8}") = "Solution Items", "Solution Items", "{4034BC0E-2F83-44A1-BEC8-9F83F4193AAD}"
	ProjectSection(SolutionItems) = preProject
		appveyor.yml = appveyor.yml
		build.ps1 = build.ps1
		codearts.png = codearts.png
		LICENSE.txt = LICENSE.txt
		project.json = project.json
		README.md = README.md
	EndProjectSection
EndProject
Project("{9A19103F-16F7-4668-BE54-9A1E7A4F7556}") = "CodeArts.NPOI.Tests", "Tests\CodeArts.NPOI.Tests\CodeArts.NPOI.Tests.csproj", "{700279E4-EBE8-4F2F-83D6-C7990EA67496}"
EndProject
Project("{9A19103F-16F7-4668-BE54-9A1E7A4F7556}") = "CodeArts.NPOI", "src\CodeArts.NPOI\CodeArts.NPOI.csproj", "{E83DB694-696E-41E6-9933-3977BD9FB0C9}"
EndProject
Project("{9A19103F-16F7-4668-BE54-9A1E7A4F7556}") = "CodeArts.Mvc", "src\CodeArts.Mvc\CodeArts.Mvc.csproj", "{9B087FF3-37B9-4477-A2CB-C44F1388758D}"
EndProject
Project("{9A19103F-16F7-4668-BE54-9A1E7A4F7556}") = "Mvc.Core", "Tests\Mvc.Core\Mvc.Core.csproj", "{F5A5FC2B-E5A4-47A5-8C34-A187615CE83D}"
EndProject
Project("{FAE04EC0-301F-11D3-BF4B-00C04F79EFBC}") = "Mvc4", "Tests\Mvc4\Mvc4.csproj", "{92857809-F149-4E3C-835F-F2A3E0B5D3F1}"
EndProject
Project("{9A19103F-16F7-4668-BE54-9A1E7A4F7556}") = "Mvc.Core2_2", "Tests\Mvc.Core2_2\Mvc.Core2_2.csproj", "{D655EAE1-705A-498F-B36A-DF7C866746A0}"
EndProject
Project("{9A19103F-16F7-4668-BE54-9A1E7A4F7556}") = "CodeArts.Defaults", "src\CodeArts.Defaults\CodeArts.Defaults.csproj", "{8DD6EAC1-5F61-4072-8150-6D3DF72DAE65}"
EndProject
Project("{FAE04EC0-301F-11D3-BF4B-00C04F79EFBC}") = "Mvc45", "Tests\Mvc45\Mvc45.csproj", "{760F79BB-86EC-4A71-B65E-3CBDA370FED1}"
EndProject
Project("{FAE04EC0-301F-11D3-BF4B-00C04F79EFBC}") = "Mvc461", "Tests\Mvc461\Mvc461.csproj", "{F3F2410E-7640-404B-B3BA-DBBF3203DC6B}"
EndProject
Project("{9A19103F-16F7-4668-BE54-9A1E7A4F7556}") = "GrpcClient", "Tests\GrpcClient\GrpcClient.csproj", "{1A4E60AE-24E5-41A6-AB4A-5A1A8CEA1FD8}"
EndProject
Project("{9A19103F-16F7-4668-BE54-9A1E7A4F7556}") = "CodeArts.SignalR", "src\CodeArts.SignalR\CodeArts.SignalR.csproj", "{35418940-3EA9-4898-B469-6ACF328A66FB}"
EndProject
Project("{FAE04EC0-301F-11D3-BF4B-00C04F79EFBC}") = "SignalRServer", "Tests\SignalRServer\SignalRServer.csproj", "{9B2A4629-EB54-4635-AF2C-B1BADF1B5170}"
EndProject
Project("{FAE04EC0-301F-11D3-BF4B-00C04F79EFBC}") = "SignalRClient", "Tests\SignalRClient\SignalRClient.csproj", "{7D72196C-980B-48D3-A830-15709937DEBD}"
EndProject
Project("{FAE04EC0-301F-11D3-BF4B-00C04F79EFBC}") = "ConsoleEmit", "Tests\ConsoleEmit\ConsoleEmit.csproj", "{5B3DEDB3-F7C6-4B67-8DA0-05BC3E12D785}"
EndProject
Project("{9A19103F-16F7-4668-BE54-9A1E7A4F7556}") = "CodeArts.Proxies", "src\CodeArts.Proxies\CodeArts.Proxies.csproj", "{DE2E4983-4597-4B2A-BDCD-84F83148C8B4}"
EndProject
Project("{9A19103F-16F7-4668-BE54-9A1E7A4F7556}") = "CodeArts.Proxies.Tests", "Tests\CodeArts.Proxies.Tests\CodeArts.Proxies.Tests.csproj", "{462B9F29-3E30-4387-93C0-F932C4E7C4A4}"
EndProject
Project("{FAE04EC0-301F-11D3-BF4B-00C04F79EFBC}") = "CodeArts.SignalR.Core", "src\CodeArts.SignalR.Core\CodeArts.SignalR.Core.csproj", "{14B466A0-3709-439B-A9F1-EE8D3319A75E}"
EndProject
Global
	GlobalSection(SolutionConfigurationPlatforms) = preSolution
		Debug|Any CPU = Debug|Any CPU
		Release|Any CPU = Release|Any CPU
	EndGlobalSection
	GlobalSection(ProjectConfigurationPlatforms) = postSolution
		{E12DD9B0-64A0-4BCA-9D4C-151F45FD5678}.Debug|Any CPU.ActiveCfg = Debug|Any CPU
		{E12DD9B0-64A0-4BCA-9D4C-151F45FD5678}.Debug|Any CPU.Build.0 = Debug|Any CPU
		{E12DD9B0-64A0-4BCA-9D4C-151F45FD5678}.Release|Any CPU.ActiveCfg = Release|Any CPU
		{E12DD9B0-64A0-4BCA-9D4C-151F45FD5678}.Release|Any CPU.Build.0 = Release|Any CPU
		{D043C476-63BE-465C-A1DF-9656B277C767}.Debug|Any CPU.ActiveCfg = Debug|Any CPU
		{D043C476-63BE-465C-A1DF-9656B277C767}.Debug|Any CPU.Build.0 = Debug|Any CPU
		{D043C476-63BE-465C-A1DF-9656B277C767}.Release|Any CPU.ActiveCfg = Release|Any CPU
		{D043C476-63BE-465C-A1DF-9656B277C767}.Release|Any CPU.Build.0 = Release|Any CPU
		{1ECBBDC3-672C-495F-AED6-60124EB9FB76}.Debug|Any CPU.ActiveCfg = Debug|Any CPU
		{1ECBBDC3-672C-495F-AED6-60124EB9FB76}.Debug|Any CPU.Build.0 = Debug|Any CPU
		{1ECBBDC3-672C-495F-AED6-60124EB9FB76}.Release|Any CPU.ActiveCfg = Release|Any CPU
		{1ECBBDC3-672C-495F-AED6-60124EB9FB76}.Release|Any CPU.Build.0 = Release|Any CPU
		{6F7A3885-7F33-41EC-B45F-210A9A0F582C}.Debug|Any CPU.ActiveCfg = Debug|Any CPU
		{6F7A3885-7F33-41EC-B45F-210A9A0F582C}.Debug|Any CPU.Build.0 = Debug|Any CPU
		{6F7A3885-7F33-41EC-B45F-210A9A0F582C}.Release|Any CPU.ActiveCfg = Release|Any CPU
		{6F7A3885-7F33-41EC-B45F-210A9A0F582C}.Release|Any CPU.Build.0 = Release|Any CPU
		{720FDBC3-50E4-4327-BD2C-A99AA06EA0D6}.Debug|Any CPU.ActiveCfg = Debug|Any CPU
		{720FDBC3-50E4-4327-BD2C-A99AA06EA0D6}.Debug|Any CPU.Build.0 = Debug|Any CPU
		{720FDBC3-50E4-4327-BD2C-A99AA06EA0D6}.Release|Any CPU.ActiveCfg = Release|Any CPU
		{720FDBC3-50E4-4327-BD2C-A99AA06EA0D6}.Release|Any CPU.Build.0 = Release|Any CPU
		{05A66468-2528-4F7F-BC08-E09E76A2891A}.Debug|Any CPU.ActiveCfg = Debug|Any CPU
		{05A66468-2528-4F7F-BC08-E09E76A2891A}.Debug|Any CPU.Build.0 = Debug|Any CPU
		{05A66468-2528-4F7F-BC08-E09E76A2891A}.Release|Any CPU.ActiveCfg = Release|Any CPU
		{05A66468-2528-4F7F-BC08-E09E76A2891A}.Release|Any CPU.Build.0 = Release|Any CPU
		{5FA94B22-171D-44BB-8B5C-6CA79F626787}.Debug|Any CPU.ActiveCfg = Debug|Any CPU
		{5FA94B22-171D-44BB-8B5C-6CA79F626787}.Debug|Any CPU.Build.0 = Debug|Any CPU
		{5FA94B22-171D-44BB-8B5C-6CA79F626787}.Release|Any CPU.ActiveCfg = Release|Any CPU
		{5FA94B22-171D-44BB-8B5C-6CA79F626787}.Release|Any CPU.Build.0 = Release|Any CPU
		{700279E4-EBE8-4F2F-83D6-C7990EA67496}.Debug|Any CPU.ActiveCfg = Debug|Any CPU
		{700279E4-EBE8-4F2F-83D6-C7990EA67496}.Debug|Any CPU.Build.0 = Debug|Any CPU
		{700279E4-EBE8-4F2F-83D6-C7990EA67496}.Release|Any CPU.ActiveCfg = Release|Any CPU
		{700279E4-EBE8-4F2F-83D6-C7990EA67496}.Release|Any CPU.Build.0 = Release|Any CPU
		{E83DB694-696E-41E6-9933-3977BD9FB0C9}.Debug|Any CPU.ActiveCfg = Debug|Any CPU
		{E83DB694-696E-41E6-9933-3977BD9FB0C9}.Debug|Any CPU.Build.0 = Debug|Any CPU
		{E83DB694-696E-41E6-9933-3977BD9FB0C9}.Release|Any CPU.ActiveCfg = Release|Any CPU
		{E83DB694-696E-41E6-9933-3977BD9FB0C9}.Release|Any CPU.Build.0 = Release|Any CPU
		{9B087FF3-37B9-4477-A2CB-C44F1388758D}.Debug|Any CPU.ActiveCfg = Debug|Any CPU
		{9B087FF3-37B9-4477-A2CB-C44F1388758D}.Debug|Any CPU.Build.0 = Debug|Any CPU
		{9B087FF3-37B9-4477-A2CB-C44F1388758D}.Release|Any CPU.ActiveCfg = Release|Any CPU
		{9B087FF3-37B9-4477-A2CB-C44F1388758D}.Release|Any CPU.Build.0 = Release|Any CPU
		{F5A5FC2B-E5A4-47A5-8C34-A187615CE83D}.Debug|Any CPU.ActiveCfg = Debug|Any CPU
		{F5A5FC2B-E5A4-47A5-8C34-A187615CE83D}.Debug|Any CPU.Build.0 = Debug|Any CPU
		{F5A5FC2B-E5A4-47A5-8C34-A187615CE83D}.Release|Any CPU.ActiveCfg = Release|Any CPU
		{F5A5FC2B-E5A4-47A5-8C34-A187615CE83D}.Release|Any CPU.Build.0 = Release|Any CPU
		{92857809-F149-4E3C-835F-F2A3E0B5D3F1}.Debug|Any CPU.ActiveCfg = Debug|Any CPU
		{92857809-F149-4E3C-835F-F2A3E0B5D3F1}.Debug|Any CPU.Build.0 = Debug|Any CPU
		{92857809-F149-4E3C-835F-F2A3E0B5D3F1}.Release|Any CPU.ActiveCfg = Release|Any CPU
		{92857809-F149-4E3C-835F-F2A3E0B5D3F1}.Release|Any CPU.Build.0 = Release|Any CPU
		{D655EAE1-705A-498F-B36A-DF7C866746A0}.Debug|Any CPU.ActiveCfg = Debug|Any CPU
		{D655EAE1-705A-498F-B36A-DF7C866746A0}.Debug|Any CPU.Build.0 = Debug|Any CPU
		{D655EAE1-705A-498F-B36A-DF7C866746A0}.Release|Any CPU.ActiveCfg = Release|Any CPU
		{D655EAE1-705A-498F-B36A-DF7C866746A0}.Release|Any CPU.Build.0 = Release|Any CPU
		{8DD6EAC1-5F61-4072-8150-6D3DF72DAE65}.Debug|Any CPU.ActiveCfg = Debug|Any CPU
		{8DD6EAC1-5F61-4072-8150-6D3DF72DAE65}.Debug|Any CPU.Build.0 = Debug|Any CPU
		{8DD6EAC1-5F61-4072-8150-6D3DF72DAE65}.Release|Any CPU.ActiveCfg = Release|Any CPU
		{8DD6EAC1-5F61-4072-8150-6D3DF72DAE65}.Release|Any CPU.Build.0 = Release|Any CPU
		{760F79BB-86EC-4A71-B65E-3CBDA370FED1}.Debug|Any CPU.ActiveCfg = Debug|Any CPU
		{760F79BB-86EC-4A71-B65E-3CBDA370FED1}.Debug|Any CPU.Build.0 = Debug|Any CPU
		{760F79BB-86EC-4A71-B65E-3CBDA370FED1}.Release|Any CPU.ActiveCfg = Release|Any CPU
		{760F79BB-86EC-4A71-B65E-3CBDA370FED1}.Release|Any CPU.Build.0 = Release|Any CPU
		{F3F2410E-7640-404B-B3BA-DBBF3203DC6B}.Debug|Any CPU.ActiveCfg = Debug|Any CPU
		{F3F2410E-7640-404B-B3BA-DBBF3203DC6B}.Debug|Any CPU.Build.0 = Debug|Any CPU
		{F3F2410E-7640-404B-B3BA-DBBF3203DC6B}.Release|Any CPU.ActiveCfg = Release|Any CPU
		{F3F2410E-7640-404B-B3BA-DBBF3203DC6B}.Release|Any CPU.Build.0 = Release|Any CPU
		{1A4E60AE-24E5-41A6-AB4A-5A1A8CEA1FD8}.Debug|Any CPU.ActiveCfg = Debug|Any CPU
		{1A4E60AE-24E5-41A6-AB4A-5A1A8CEA1FD8}.Debug|Any CPU.Build.0 = Debug|Any CPU
		{1A4E60AE-24E5-41A6-AB4A-5A1A8CEA1FD8}.Release|Any CPU.ActiveCfg = Release|Any CPU
		{1A4E60AE-24E5-41A6-AB4A-5A1A8CEA1FD8}.Release|Any CPU.Build.0 = Release|Any CPU
		{35418940-3EA9-4898-B469-6ACF328A66FB}.Debug|Any CPU.ActiveCfg = Debug|Any CPU
		{35418940-3EA9-4898-B469-6ACF328A66FB}.Debug|Any CPU.Build.0 = Debug|Any CPU
		{35418940-3EA9-4898-B469-6ACF328A66FB}.Release|Any CPU.ActiveCfg = Release|Any CPU
		{35418940-3EA9-4898-B469-6ACF328A66FB}.Release|Any CPU.Build.0 = Release|Any CPU
		{9B2A4629-EB54-4635-AF2C-B1BADF1B5170}.Debug|Any CPU.ActiveCfg = Debug|Any CPU
		{9B2A4629-EB54-4635-AF2C-B1BADF1B5170}.Debug|Any CPU.Build.0 = Debug|Any CPU
		{9B2A4629-EB54-4635-AF2C-B1BADF1B5170}.Release|Any CPU.ActiveCfg = Release|Any CPU
		{9B2A4629-EB54-4635-AF2C-B1BADF1B5170}.Release|Any CPU.Build.0 = Release|Any CPU
		{7D72196C-980B-48D3-A830-15709937DEBD}.Debug|Any CPU.ActiveCfg = Debug|Any CPU
		{7D72196C-980B-48D3-A830-15709937DEBD}.Debug|Any CPU.Build.0 = Debug|Any CPU
		{7D72196C-980B-48D3-A830-15709937DEBD}.Release|Any CPU.ActiveCfg = Release|Any CPU
		{7D72196C-980B-48D3-A830-15709937DEBD}.Release|Any CPU.Build.0 = Release|Any CPU
		{5B3DEDB3-F7C6-4B67-8DA0-05BC3E12D785}.Debug|Any CPU.ActiveCfg = Debug|Any CPU
		{5B3DEDB3-F7C6-4B67-8DA0-05BC3E12D785}.Debug|Any CPU.Build.0 = Debug|Any CPU
		{5B3DEDB3-F7C6-4B67-8DA0-05BC3E12D785}.Release|Any CPU.ActiveCfg = Release|Any CPU
		{5B3DEDB3-F7C6-4B67-8DA0-05BC3E12D785}.Release|Any CPU.Build.0 = Release|Any CPU
		{DE2E4983-4597-4B2A-BDCD-84F83148C8B4}.Debug|Any CPU.ActiveCfg = Debug|Any CPU
		{DE2E4983-4597-4B2A-BDCD-84F83148C8B4}.Debug|Any CPU.Build.0 = Debug|Any CPU
		{DE2E4983-4597-4B2A-BDCD-84F83148C8B4}.Release|Any CPU.ActiveCfg = Release|Any CPU
		{DE2E4983-4597-4B2A-BDCD-84F83148C8B4}.Release|Any CPU.Build.0 = Release|Any CPU
		{462B9F29-3E30-4387-93C0-F932C4E7C4A4}.Debug|Any CPU.ActiveCfg = Debug|Any CPU
		{462B9F29-3E30-4387-93C0-F932C4E7C4A4}.Debug|Any CPU.Build.0 = Debug|Any CPU
		{462B9F29-3E30-4387-93C0-F932C4E7C4A4}.Release|Any CPU.ActiveCfg = Release|Any CPU
		{462B9F29-3E30-4387-93C0-F932C4E7C4A4}.Release|Any CPU.Build.0 = Release|Any CPU
		{14B466A0-3709-439B-A9F1-EE8D3319A75E}.Debug|Any CPU.ActiveCfg = Debug|Any CPU
		{14B466A0-3709-439B-A9F1-EE8D3319A75E}.Debug|Any CPU.Build.0 = Debug|Any CPU
		{14B466A0-3709-439B-A9F1-EE8D3319A75E}.Release|Any CPU.ActiveCfg = Release|Any CPU
		{14B466A0-3709-439B-A9F1-EE8D3319A75E}.Release|Any CPU.Build.0 = Release|Any CPU
	EndGlobalSection
	GlobalSection(SolutionProperties) = preSolution
		HideSolutionNode = FALSE
	EndGlobalSection
	GlobalSection(NestedProjects) = preSolution
		{E12DD9B0-64A0-4BCA-9D4C-151F45FD5678} = {9964966D-390B-47BC-9B60-CAFFCF1381B3}
		{D043C476-63BE-465C-A1DF-9656B277C767} = {73F52972-A0A2-42F2-B1A5-FEDCAC330FD8}
		{1ECBBDC3-672C-495F-AED6-60124EB9FB76} = {9964966D-390B-47BC-9B60-CAFFCF1381B3}
		{6F7A3885-7F33-41EC-B45F-210A9A0F582C} = {73F52972-A0A2-42F2-B1A5-FEDCAC330FD8}
		{720FDBC3-50E4-4327-BD2C-A99AA06EA0D6} = {9964966D-390B-47BC-9B60-CAFFCF1381B3}
		{05A66468-2528-4F7F-BC08-E09E76A2891A} = {9964966D-390B-47BC-9B60-CAFFCF1381B3}
		{5FA94B22-171D-44BB-8B5C-6CA79F626787} = {9964966D-390B-47BC-9B60-CAFFCF1381B3}
		{700279E4-EBE8-4F2F-83D6-C7990EA67496} = {73F52972-A0A2-42F2-B1A5-FEDCAC330FD8}
		{E83DB694-696E-41E6-9933-3977BD9FB0C9} = {9964966D-390B-47BC-9B60-CAFFCF1381B3}
		{9B087FF3-37B9-4477-A2CB-C44F1388758D} = {9964966D-390B-47BC-9B60-CAFFCF1381B3}
		{F5A5FC2B-E5A4-47A5-8C34-A187615CE83D} = {73F52972-A0A2-42F2-B1A5-FEDCAC330FD8}
		{92857809-F149-4E3C-835F-F2A3E0B5D3F1} = {73F52972-A0A2-42F2-B1A5-FEDCAC330FD8}
		{D655EAE1-705A-498F-B36A-DF7C866746A0} = {73F52972-A0A2-42F2-B1A5-FEDCAC330FD8}
		{8DD6EAC1-5F61-4072-8150-6D3DF72DAE65} = {9964966D-390B-47BC-9B60-CAFFCF1381B3}
		{760F79BB-86EC-4A71-B65E-3CBDA370FED1} = {73F52972-A0A2-42F2-B1A5-FEDCAC330FD8}
		{F3F2410E-7640-404B-B3BA-DBBF3203DC6B} = {73F52972-A0A2-42F2-B1A5-FEDCAC330FD8}
		{1A4E60AE-24E5-41A6-AB4A-5A1A8CEA1FD8} = {73F52972-A0A2-42F2-B1A5-FEDCAC330FD8}
		{35418940-3EA9-4898-B469-6ACF328A66FB} = {9964966D-390B-47BC-9B60-CAFFCF1381B3}
		{9B2A4629-EB54-4635-AF2C-B1BADF1B5170} = {73F52972-A0A2-42F2-B1A5-FEDCAC330FD8}
		{7D72196C-980B-48D3-A830-15709937DEBD} = {73F52972-A0A2-42F2-B1A5-FEDCAC330FD8}
		{5B3DEDB3-F7C6-4B67-8DA0-05BC3E12D785} = {73F52972-A0A2-42F2-B1A5-FEDCAC330FD8}
		{DE2E4983-4597-4B2A-BDCD-84F83148C8B4} = {9964966D-390B-47BC-9B60-CAFFCF1381B3}
		{462B9F29-3E30-4387-93C0-F932C4E7C4A4} = {73F52972-A0A2-42F2-B1A5-FEDCAC330FD8}
		{14B466A0-3709-439B-A9F1-EE8D3319A75E} = {9964966D-390B-47BC-9B60-CAFFCF1381B3}
	EndGlobalSection
	GlobalSection(ExtensibilityGlobals) = postSolution
		SolutionGuid = {D69380D7-DEA5-4884-85A8-1049025CE2EA}
	EndGlobalSection
EndGlobal
