
Microsoft Visual Studio Solution File, Format Version 12.00
# Visual Studio Version 16
VisualStudioVersion = 16.0.29215.179
MinimumVisualStudioVersion = 10.0.40219.1
Project("{2150E333-8FDC-42A3-9474-1A3956D46DE8}") = "src", "src", "{9964966D-390B-47BC-9B60-CAFFCF1381B3}"
EndProject
Project("{9A19103F-16F7-4668-BE54-9A1E7A4F7556}") = "CodeArts", "src\CodeArts\CodeArts.csproj", "{E12DD9B0-64A0-4BCA-9D4C-151F45FD5678}"
EndProject
Project("{2150E333-8FDC-42A3-9474-1A3956D46DE8}") = "Tests", "Tests", "{73F52972-A0A2-42F2-B1A5-FEDCAC330FD8}"
EndProject
Project("{9A19103F-16F7-4668-BE54-9A1E7A4F7556}") = "CodeArts.Tests", "Tests\CodeArts.Tests\CodeArts.Tests.csproj", "{D043C476-63BE-465C-A1DF-9656B277C767}"
EndProject
Project("{2150E333-8FDC-42A3-9474-1A3956D46DE8}") = "Solution Items", "Solution Items", "{4034BC0E-2F83-44A1-BEC8-9F83F4193AAD}"
	ProjectSection(SolutionItems) = preProject
		.editorconfig = .editorconfig
		appveyor.yml = appveyor.yml
		build.ps1 = build.ps1
		codearts.png = codearts.png
		LICENSE.txt = LICENSE.txt
		ORM_UML.svg = ORM_UML.svg
		project.json = project.json
		README.md = README.md
	EndProjectSection
EndProject
Project("{9A19103F-16F7-4668-BE54-9A1E7A4F7556}") = "CodeArts.NPOI.Tests", "Tests\CodeArts.NPOI.Tests\CodeArts.NPOI.Tests.csproj", "{700279E4-EBE8-4F2F-83D6-C7990EA67496}"
EndProject
Project("{9A19103F-16F7-4668-BE54-9A1E7A4F7556}") = "CodeArts.NPOI", "src\CodeArts.NPOI\CodeArts.NPOI.csproj", "{E83DB694-696E-41E6-9933-3977BD9FB0C9}"
EndProject
Project("{9A19103F-16F7-4668-BE54-9A1E7A4F7556}") = "CodeArts.Mvc", "src\CodeArts.Mvc\CodeArts.Mvc.csproj", "{9B087FF3-37B9-4477-A2CB-C44F1388758D}"
EndProject
Project("{9A19103F-16F7-4668-BE54-9A1E7A4F7556}") = "Mvc.Core", "Tests\Mvc.Core\Mvc.Core.csproj", "{F5A5FC2B-E5A4-47A5-8C34-A187615CE83D}"
EndProject
Project("{FAE04EC0-301F-11D3-BF4B-00C04F79EFBC}") = "Mvc4", "Tests\Mvc4\Mvc4.csproj", "{92857809-F149-4E3C-835F-F2A3E0B5D3F1}"
EndProject
Project("{FAE04EC0-301F-11D3-BF4B-00C04F79EFBC}") = "Mvc45", "Tests\Mvc45\Mvc45.csproj", "{760F79BB-86EC-4A71-B65E-3CBDA370FED1}"
EndProject
Project("{FAE04EC0-301F-11D3-BF4B-00C04F79EFBC}") = "Mvc461", "Tests\Mvc461\Mvc461.csproj", "{F3F2410E-7640-404B-B3BA-DBBF3203DC6B}"
EndProject
Project("{9A19103F-16F7-4668-BE54-9A1E7A4F7556}") = "GrpcClient", "Tests\GrpcClient\GrpcClient.csproj", "{1A4E60AE-24E5-41A6-AB4A-5A1A8CEA1FD8}"
EndProject
Project("{FAE04EC0-301F-11D3-BF4B-00C04F79EFBC}") = "ConsoleEmit", "Tests\ConsoleEmit\ConsoleEmit.csproj", "{5B3DEDB3-F7C6-4B67-8DA0-05BC3E12D785}"
EndProject
Project("{9A19103F-16F7-4668-BE54-9A1E7A4F7556}") = "CodeArts.Emit", "src\CodeArts.Emit\CodeArts.Emit.csproj", "{3871C166-D520-4C37-AD9F-1A2AE35A6F44}"
EndProject
Project("{9A19103F-16F7-4668-BE54-9A1E7A4F7556}") = "CodeArts.Emit.Tests", "Tests\CodeArts.Emit.Tests\CodeArts.Emit.Tests.csproj", "{DDF6E1C3-D278-4352-BB75-C6DFF421642F}"
EndProject
Project("{9A19103F-16F7-4668-BE54-9A1E7A4F7556}") = "CodeArts.MemoryCaching", "src\CodeArts.MemoryCaching\CodeArts.MemoryCaching.csproj", "{0292186A-A2B4-4979-BE6F-245C48D7F15A}"
EndProject
Project("{9A19103F-16F7-4668-BE54-9A1E7A4F7556}") = "CodeArts.RedisCaching", "src\CodeArts.RedisCaching\CodeArts.RedisCaching.csproj", "{017E410C-8C7C-4B0C-A69F-914FF7582BB8}"
EndProject
Project("{9A19103F-16F7-4668-BE54-9A1E7A4F7556}") = "CodeArts.Configuration", "src\CodeArts.Configuration\CodeArts.Configuration.csproj", "{2FE5DEA1-F628-476B-BACF-0FA220537A29}"
EndProject
Project("{9A19103F-16F7-4668-BE54-9A1E7A4F7556}") = "CodeArts.Caching", "src\CodeArts.Caching\CodeArts.Caching.csproj", "{1F1DCDC3-9A3E-4AF6-97DA-96644AA03AEA}"
EndProject
Project("{9A19103F-16F7-4668-BE54-9A1E7A4F7556}") = "CodeArts.Json", "src\CodeArts.Json\CodeArts.Json.csproj", "{769368D2-B5DF-491B-ACC9-F17D074463C7}"
EndProject
Project("{9A19103F-16F7-4668-BE54-9A1E7A4F7556}") = "CodeArts.Net", "src\CodeArts.Net\CodeArts.Net.csproj", "{F496A4AE-FAEE-4D58-8582-80B48BB1FA50}"
EndProject
Project("{9A19103F-16F7-4668-BE54-9A1E7A4F7556}") = "CodeArts.Casting", "src\CodeArts.Casting\CodeArts.Casting.csproj", "{D32D72F4-7D45-4610-B126-A658C36AC639}"
EndProject
Project("{9A19103F-16F7-4668-BE54-9A1E7A4F7556}") = "CodeArts.SignalR", "src\CodeArts.SignalR\CodeArts.SignalR.csproj", "{6131BB83-1182-4BCF-BDC8-50CA10575055}"
EndProject
Project("{9A19103F-16F7-4668-BE54-9A1E7A4F7556}") = "CodeArts.SignalR.Core", "src\CodeArts.SignalR.Core\CodeArts.SignalR.Core.csproj", "{E3B2069E-B2E7-4E39-8C42-70A919BE29B1}"
EndProject
Project("{FAE04EC0-301F-11D3-BF4B-00C04F79EFBC}") = "SignalRClient", "Tests\SignalRClient\SignalRClient.csproj", "{7D72196C-980B-48D3-A830-15709937DEBD}"
EndProject
Project("{FAE04EC0-301F-11D3-BF4B-00C04F79EFBC}") = "SignalRServer", "Tests\SignalRServer\SignalRServer.csproj", "{9B2A4629-EB54-4635-AF2C-B1BADF1B5170}"
EndProject
Project("{9A19103F-16F7-4668-BE54-9A1E7A4F7556}") = "Mvc.Core2_1", "Tests\Mvc.Core2_1\Mvc.Core2_1.csproj", "{9C409067-96E9-4DF9-8619-85DE09314321}"
EndProject
Project("{9A19103F-16F7-4668-BE54-9A1E7A4F7556}") = "CodeArts.Db", "src\CodeArts.Db\CodeArts.Db.csproj", "{949A8D0B-92B3-4BA8-8DD4-8240B45E42D3}"
EndProject
Project("{9A19103F-16F7-4668-BE54-9A1E7A4F7556}") = "CodeArts.Db.Lts", "src\CodeArts.Db.Lts\CodeArts.Db.Lts.csproj", "{37FBF153-04E1-41D1-B82C-0ABB4A9C9554}"
EndProject
Project("{9A19103F-16F7-4668-BE54-9A1E7A4F7556}") = "CodeArts.Db.MySql", "src\CodeArts.Db.MySql\CodeArts.Db.MySql.csproj", "{85CBA90B-5282-43D8-9884-AEDBBACD2D2B}"
EndProject
Project("{9A19103F-16F7-4668-BE54-9A1E7A4F7556}") = "CodeArts.Db.SqlServer", "src\CodeArts.Db.SqlServer\CodeArts.Db.SqlServer.csproj", "{E1D79399-B02C-4435-A10A-D51C70B3D1E8}"
EndProject
Project("{9A19103F-16F7-4668-BE54-9A1E7A4F7556}") = "CodeArts.Db.EntityFramework", "src\CodeArts.Db.EntityFramework\CodeArts.Db.EntityFramework.csproj", "{D933CDEF-46D7-4447-991A-0F09CBE6CFEC}"
EndProject
Project("{9A19103F-16F7-4668-BE54-9A1E7A4F7556}") = "CodeArts.Db.Lts.MySql", "src\CodeArts.Db.Lts.MySql\CodeArts.Db.Lts.MySql.csproj", "{E49CC361-3352-4F1E-A215-5D0475331C9E}"
EndProject
Project("{9A19103F-16F7-4668-BE54-9A1E7A4F7556}") = "CodeArts.Db.Lts.SqlServer", "src\CodeArts.Db.Lts.SqlServer\CodeArts.Db.Lts.SqlServer.csproj", "{3BAF3A88-914D-4A66-9011-8F289DBA9ABB}"
EndProject
Project("{9A19103F-16F7-4668-BE54-9A1E7A4F7556}") = "CodeArts.Db.Lts.Tests", "Tests\CodeArts.Db.Lts.Tests\CodeArts.Db.Lts.Tests.csproj", "{7EE1EA3D-D1AA-47EE-B743-8CC284FCFDAF}"
EndProject
Project("{9A19103F-16F7-4668-BE54-9A1E7A4F7556}") = "CodeArts.Db.EntityFramework.Tests", "Tests\CodeArts.Db.EntityFramework.Tests\CodeArts.Db.EntityFramework.Tests.csproj", "{84760CAF-371D-4550-9620-951B95E66DCA}"
EndProject
Project("{9A19103F-16F7-4668-BE54-9A1E7A4F7556}") = "CodeArts.Db.EntityFramework.SqlServer", "src\CodeArts.Db.EntityFramework.SqlServer\CodeArts.Db.EntityFramework.SqlServer.csproj", "{4A500F10-8D44-437A-A30A-661B2F245E63}"
EndProject
Project("{9A19103F-16F7-4668-BE54-9A1E7A4F7556}") = "CodeArts.Db.Dapper", "src\CodeArts.Db.Dapper\CodeArts.Db.Dapper.csproj", "{9B248220-622B-4603-9856-3F6CC3DEF279}"
EndProject
Project("{9A19103F-16F7-4668-BE54-9A1E7A4F7556}") = "CodeArts.Db.Dapper.Tests", "Tests\CodeArts.Db.Dapper.Tests\CodeArts.Db.Dapper.Tests.csproj", "{285A80D7-1BCC-4B64-809D-2BDCA7151EA6}"
EndProject
Project("{9A19103F-16F7-4668-BE54-9A1E7A4F7556}") = "CodeArts.Db.Sqlite", "src\CodeArts.Db.Sqlite\CodeArts.Db.Sqlite.csproj", "{8CD14BFC-8D2D-4421-8635-C013F93F80FD}"
EndProject
Project("{9A19103F-16F7-4668-BE54-9A1E7A4F7556}") = "CodeArts.Db.EntityFramework.Sqlite", "src\CodeArts.Db.EntityFramework.Sqlite\CodeArts.Db.EntityFramework.Sqlite.csproj", "{6B39204D-59EA-48C1-B282-1C6B44E3609A}"
EndProject
Project("{9A19103F-16F7-4668-BE54-9A1E7A4F7556}") = "CodeArts.Logging", "src\CodeArts.Logging\CodeArts.Logging.csproj", "{53D1FF4E-1C62-4A6E-81F1-2DBD7337C61C}"
EndProject
Project("{9A19103F-16F7-4668-BE54-9A1E7A4F7556}") = "CodeArts.Db.DependencyInjection", "src\CodeArts.Db.DependencyInjection\CodeArts.Db.DependencyInjection.csproj", "{F94EDEEC-17C7-4D07-8710-F14AC7D68B2F}"
EndProject
Project("{9A19103F-16F7-4668-BE54-9A1E7A4F7556}") = "CodeArts.DependencyInjection.Abstractions", "src\CodeArts.DependencyInjection.Abstractions\CodeArts.DependencyInjection.Abstractions.csproj", "{DA18F111-40EB-4BC2-B98F-A1761AEB9935}"
EndProject
Project("{9A19103F-16F7-4668-BE54-9A1E7A4F7556}") = "CodeArts.DependencyInjection", "src\CodeArts.DependencyInjection\CodeArts.DependencyInjection.csproj", "{03DA8EE8-6AAB-457D-9A3C-536D9BBCD8F6}"
EndProject
Global
	GlobalSection(SolutionConfigurationPlatforms) = preSolution
		Debug|Any CPU = Debug|Any CPU
		Release|Any CPU = Release|Any CPU
	EndGlobalSection
	GlobalSection(ProjectConfigurationPlatforms) = postSolution
		{E12DD9B0-64A0-4BCA-9D4C-151F45FD5678}.Debug|Any CPU.ActiveCfg = Debug|Any CPU
		{E12DD9B0-64A0-4BCA-9D4C-151F45FD5678}.Debug|Any CPU.Build.0 = Debug|Any CPU
		{E12DD9B0-64A0-4BCA-9D4C-151F45FD5678}.Release|Any CPU.ActiveCfg = Release|Any CPU
		{E12DD9B0-64A0-4BCA-9D4C-151F45FD5678}.Release|Any CPU.Build.0 = Release|Any CPU
		{D043C476-63BE-465C-A1DF-9656B277C767}.Debug|Any CPU.ActiveCfg = Debug|Any CPU
		{D043C476-63BE-465C-A1DF-9656B277C767}.Debug|Any CPU.Build.0 = Debug|Any CPU
		{D043C476-63BE-465C-A1DF-9656B277C767}.Release|Any CPU.ActiveCfg = Release|Any CPU
		{D043C476-63BE-465C-A1DF-9656B277C767}.Release|Any CPU.Build.0 = Release|Any CPU
		{700279E4-EBE8-4F2F-83D6-C7990EA67496}.Debug|Any CPU.ActiveCfg = Debug|Any CPU
		{700279E4-EBE8-4F2F-83D6-C7990EA67496}.Debug|Any CPU.Build.0 = Debug|Any CPU
		{700279E4-EBE8-4F2F-83D6-C7990EA67496}.Release|Any CPU.ActiveCfg = Release|Any CPU
		{700279E4-EBE8-4F2F-83D6-C7990EA67496}.Release|Any CPU.Build.0 = Release|Any CPU
		{E83DB694-696E-41E6-9933-3977BD9FB0C9}.Debug|Any CPU.ActiveCfg = Debug|Any CPU
		{E83DB694-696E-41E6-9933-3977BD9FB0C9}.Debug|Any CPU.Build.0 = Debug|Any CPU
		{E83DB694-696E-41E6-9933-3977BD9FB0C9}.Release|Any CPU.ActiveCfg = Release|Any CPU
		{E83DB694-696E-41E6-9933-3977BD9FB0C9}.Release|Any CPU.Build.0 = Release|Any CPU
		{9B087FF3-37B9-4477-A2CB-C44F1388758D}.Debug|Any CPU.ActiveCfg = Debug|Any CPU
		{9B087FF3-37B9-4477-A2CB-C44F1388758D}.Debug|Any CPU.Build.0 = Debug|Any CPU
		{9B087FF3-37B9-4477-A2CB-C44F1388758D}.Release|Any CPU.ActiveCfg = Release|Any CPU
		{9B087FF3-37B9-4477-A2CB-C44F1388758D}.Release|Any CPU.Build.0 = Release|Any CPU
		{F5A5FC2B-E5A4-47A5-8C34-A187615CE83D}.Debug|Any CPU.ActiveCfg = Debug|Any CPU
		{F5A5FC2B-E5A4-47A5-8C34-A187615CE83D}.Debug|Any CPU.Build.0 = Debug|Any CPU
		{F5A5FC2B-E5A4-47A5-8C34-A187615CE83D}.Release|Any CPU.ActiveCfg = Release|Any CPU
		{F5A5FC2B-E5A4-47A5-8C34-A187615CE83D}.Release|Any CPU.Build.0 = Release|Any CPU
		{92857809-F149-4E3C-835F-F2A3E0B5D3F1}.Debug|Any CPU.ActiveCfg = Debug|Any CPU
		{92857809-F149-4E3C-835F-F2A3E0B5D3F1}.Debug|Any CPU.Build.0 = Debug|Any CPU
		{92857809-F149-4E3C-835F-F2A3E0B5D3F1}.Release|Any CPU.ActiveCfg = Release|Any CPU
		{92857809-F149-4E3C-835F-F2A3E0B5D3F1}.Release|Any CPU.Build.0 = Release|Any CPU
		{760F79BB-86EC-4A71-B65E-3CBDA370FED1}.Debug|Any CPU.ActiveCfg = Debug|Any CPU
		{760F79BB-86EC-4A71-B65E-3CBDA370FED1}.Debug|Any CPU.Build.0 = Debug|Any CPU
		{760F79BB-86EC-4A71-B65E-3CBDA370FED1}.Release|Any CPU.ActiveCfg = Release|Any CPU
		{760F79BB-86EC-4A71-B65E-3CBDA370FED1}.Release|Any CPU.Build.0 = Release|Any CPU
		{F3F2410E-7640-404B-B3BA-DBBF3203DC6B}.Debug|Any CPU.ActiveCfg = Debug|Any CPU
		{F3F2410E-7640-404B-B3BA-DBBF3203DC6B}.Debug|Any CPU.Build.0 = Debug|Any CPU
		{F3F2410E-7640-404B-B3BA-DBBF3203DC6B}.Release|Any CPU.ActiveCfg = Release|Any CPU
		{F3F2410E-7640-404B-B3BA-DBBF3203DC6B}.Release|Any CPU.Build.0 = Release|Any CPU
		{1A4E60AE-24E5-41A6-AB4A-5A1A8CEA1FD8}.Debug|Any CPU.ActiveCfg = Debug|Any CPU
		{1A4E60AE-24E5-41A6-AB4A-5A1A8CEA1FD8}.Debug|Any CPU.Build.0 = Debug|Any CPU
		{1A4E60AE-24E5-41A6-AB4A-5A1A8CEA1FD8}.Release|Any CPU.ActiveCfg = Release|Any CPU
		{1A4E60AE-24E5-41A6-AB4A-5A1A8CEA1FD8}.Release|Any CPU.Build.0 = Release|Any CPU
		{5B3DEDB3-F7C6-4B67-8DA0-05BC3E12D785}.Debug|Any CPU.ActiveCfg = Debug|Any CPU
		{5B3DEDB3-F7C6-4B67-8DA0-05BC3E12D785}.Debug|Any CPU.Build.0 = Debug|Any CPU
		{5B3DEDB3-F7C6-4B67-8DA0-05BC3E12D785}.Release|Any CPU.ActiveCfg = Release|Any CPU
		{5B3DEDB3-F7C6-4B67-8DA0-05BC3E12D785}.Release|Any CPU.Build.0 = Release|Any CPU
		{3871C166-D520-4C37-AD9F-1A2AE35A6F44}.Debug|Any CPU.ActiveCfg = Debug|Any CPU
		{3871C166-D520-4C37-AD9F-1A2AE35A6F44}.Debug|Any CPU.Build.0 = Debug|Any CPU
		{3871C166-D520-4C37-AD9F-1A2AE35A6F44}.Release|Any CPU.ActiveCfg = Release|Any CPU
		{3871C166-D520-4C37-AD9F-1A2AE35A6F44}.Release|Any CPU.Build.0 = Release|Any CPU
		{DDF6E1C3-D278-4352-BB75-C6DFF421642F}.Debug|Any CPU.ActiveCfg = Debug|Any CPU
		{DDF6E1C3-D278-4352-BB75-C6DFF421642F}.Debug|Any CPU.Build.0 = Debug|Any CPU
		{DDF6E1C3-D278-4352-BB75-C6DFF421642F}.Release|Any CPU.ActiveCfg = Release|Any CPU
		{DDF6E1C3-D278-4352-BB75-C6DFF421642F}.Release|Any CPU.Build.0 = Release|Any CPU
		{0292186A-A2B4-4979-BE6F-245C48D7F15A}.Debug|Any CPU.ActiveCfg = Debug|Any CPU
		{0292186A-A2B4-4979-BE6F-245C48D7F15A}.Debug|Any CPU.Build.0 = Debug|Any CPU
		{0292186A-A2B4-4979-BE6F-245C48D7F15A}.Release|Any CPU.ActiveCfg = Release|Any CPU
		{0292186A-A2B4-4979-BE6F-245C48D7F15A}.Release|Any CPU.Build.0 = Release|Any CPU
		{017E410C-8C7C-4B0C-A69F-914FF7582BB8}.Debug|Any CPU.ActiveCfg = Debug|Any CPU
		{017E410C-8C7C-4B0C-A69F-914FF7582BB8}.Debug|Any CPU.Build.0 = Debug|Any CPU
		{017E410C-8C7C-4B0C-A69F-914FF7582BB8}.Release|Any CPU.ActiveCfg = Release|Any CPU
		{017E410C-8C7C-4B0C-A69F-914FF7582BB8}.Release|Any CPU.Build.0 = Release|Any CPU
		{2FE5DEA1-F628-476B-BACF-0FA220537A29}.Debug|Any CPU.ActiveCfg = Debug|Any CPU
		{2FE5DEA1-F628-476B-BACF-0FA220537A29}.Debug|Any CPU.Build.0 = Debug|Any CPU
		{2FE5DEA1-F628-476B-BACF-0FA220537A29}.Release|Any CPU.ActiveCfg = Release|Any CPU
		{2FE5DEA1-F628-476B-BACF-0FA220537A29}.Release|Any CPU.Build.0 = Release|Any CPU
		{1F1DCDC3-9A3E-4AF6-97DA-96644AA03AEA}.Debug|Any CPU.ActiveCfg = Debug|Any CPU
		{1F1DCDC3-9A3E-4AF6-97DA-96644AA03AEA}.Debug|Any CPU.Build.0 = Debug|Any CPU
		{1F1DCDC3-9A3E-4AF6-97DA-96644AA03AEA}.Release|Any CPU.ActiveCfg = Release|Any CPU
		{1F1DCDC3-9A3E-4AF6-97DA-96644AA03AEA}.Release|Any CPU.Build.0 = Release|Any CPU
		{769368D2-B5DF-491B-ACC9-F17D074463C7}.Debug|Any CPU.ActiveCfg = Debug|Any CPU
		{769368D2-B5DF-491B-ACC9-F17D074463C7}.Debug|Any CPU.Build.0 = Debug|Any CPU
		{769368D2-B5DF-491B-ACC9-F17D074463C7}.Release|Any CPU.ActiveCfg = Release|Any CPU
		{769368D2-B5DF-491B-ACC9-F17D074463C7}.Release|Any CPU.Build.0 = Release|Any CPU
		{F496A4AE-FAEE-4D58-8582-80B48BB1FA50}.Debug|Any CPU.ActiveCfg = Debug|Any CPU
		{F496A4AE-FAEE-4D58-8582-80B48BB1FA50}.Debug|Any CPU.Build.0 = Debug|Any CPU
		{F496A4AE-FAEE-4D58-8582-80B48BB1FA50}.Release|Any CPU.ActiveCfg = Release|Any CPU
		{F496A4AE-FAEE-4D58-8582-80B48BB1FA50}.Release|Any CPU.Build.0 = Release|Any CPU
		{D32D72F4-7D45-4610-B126-A658C36AC639}.Debug|Any CPU.ActiveCfg = Debug|Any CPU
		{D32D72F4-7D45-4610-B126-A658C36AC639}.Debug|Any CPU.Build.0 = Debug|Any CPU
		{D32D72F4-7D45-4610-B126-A658C36AC639}.Release|Any CPU.ActiveCfg = Release|Any CPU
		{D32D72F4-7D45-4610-B126-A658C36AC639}.Release|Any CPU.Build.0 = Release|Any CPU
		{6131BB83-1182-4BCF-BDC8-50CA10575055}.Debug|Any CPU.ActiveCfg = Debug|Any CPU
		{6131BB83-1182-4BCF-BDC8-50CA10575055}.Debug|Any CPU.Build.0 = Debug|Any CPU
		{6131BB83-1182-4BCF-BDC8-50CA10575055}.Release|Any CPU.ActiveCfg = Release|Any CPU
		{6131BB83-1182-4BCF-BDC8-50CA10575055}.Release|Any CPU.Build.0 = Release|Any CPU
		{E3B2069E-B2E7-4E39-8C42-70A919BE29B1}.Debug|Any CPU.ActiveCfg = Debug|Any CPU
		{E3B2069E-B2E7-4E39-8C42-70A919BE29B1}.Debug|Any CPU.Build.0 = Debug|Any CPU
		{E3B2069E-B2E7-4E39-8C42-70A919BE29B1}.Release|Any CPU.ActiveCfg = Release|Any CPU
		{E3B2069E-B2E7-4E39-8C42-70A919BE29B1}.Release|Any CPU.Build.0 = Release|Any CPU
		{7D72196C-980B-48D3-A830-15709937DEBD}.Debug|Any CPU.ActiveCfg = Debug|Any CPU
		{7D72196C-980B-48D3-A830-15709937DEBD}.Debug|Any CPU.Build.0 = Debug|Any CPU
		{7D72196C-980B-48D3-A830-15709937DEBD}.Release|Any CPU.ActiveCfg = Release|Any CPU
		{7D72196C-980B-48D3-A830-15709937DEBD}.Release|Any CPU.Build.0 = Release|Any CPU
		{9B2A4629-EB54-4635-AF2C-B1BADF1B5170}.Debug|Any CPU.ActiveCfg = Debug|Any CPU
		{9B2A4629-EB54-4635-AF2C-B1BADF1B5170}.Debug|Any CPU.Build.0 = Debug|Any CPU
		{9B2A4629-EB54-4635-AF2C-B1BADF1B5170}.Release|Any CPU.ActiveCfg = Release|Any CPU
		{9B2A4629-EB54-4635-AF2C-B1BADF1B5170}.Release|Any CPU.Build.0 = Release|Any CPU
		{9C409067-96E9-4DF9-8619-85DE09314321}.Debug|Any CPU.ActiveCfg = Debug|Any CPU
		{9C409067-96E9-4DF9-8619-85DE09314321}.Debug|Any CPU.Build.0 = Debug|Any CPU
		{9C409067-96E9-4DF9-8619-85DE09314321}.Release|Any CPU.ActiveCfg = Release|Any CPU
		{9C409067-96E9-4DF9-8619-85DE09314321}.Release|Any CPU.Build.0 = Release|Any CPU
		{949A8D0B-92B3-4BA8-8DD4-8240B45E42D3}.Debug|Any CPU.ActiveCfg = Debug|Any CPU
		{949A8D0B-92B3-4BA8-8DD4-8240B45E42D3}.Debug|Any CPU.Build.0 = Debug|Any CPU
		{949A8D0B-92B3-4BA8-8DD4-8240B45E42D3}.Release|Any CPU.ActiveCfg = Release|Any CPU
		{949A8D0B-92B3-4BA8-8DD4-8240B45E42D3}.Release|Any CPU.Build.0 = Release|Any CPU
		{37FBF153-04E1-41D1-B82C-0ABB4A9C9554}.Debug|Any CPU.ActiveCfg = Debug|Any CPU
		{37FBF153-04E1-41D1-B82C-0ABB4A9C9554}.Debug|Any CPU.Build.0 = Debug|Any CPU
		{37FBF153-04E1-41D1-B82C-0ABB4A9C9554}.Release|Any CPU.ActiveCfg = Release|Any CPU
		{37FBF153-04E1-41D1-B82C-0ABB4A9C9554}.Release|Any CPU.Build.0 = Release|Any CPU
		{85CBA90B-5282-43D8-9884-AEDBBACD2D2B}.Debug|Any CPU.ActiveCfg = Debug|Any CPU
		{85CBA90B-5282-43D8-9884-AEDBBACD2D2B}.Debug|Any CPU.Build.0 = Debug|Any CPU
		{85CBA90B-5282-43D8-9884-AEDBBACD2D2B}.Release|Any CPU.ActiveCfg = Release|Any CPU
		{85CBA90B-5282-43D8-9884-AEDBBACD2D2B}.Release|Any CPU.Build.0 = Release|Any CPU
		{E1D79399-B02C-4435-A10A-D51C70B3D1E8}.Debug|Any CPU.ActiveCfg = Debug|Any CPU
		{E1D79399-B02C-4435-A10A-D51C70B3D1E8}.Debug|Any CPU.Build.0 = Debug|Any CPU
		{E1D79399-B02C-4435-A10A-D51C70B3D1E8}.Release|Any CPU.ActiveCfg = Release|Any CPU
		{E1D79399-B02C-4435-A10A-D51C70B3D1E8}.Release|Any CPU.Build.0 = Release|Any CPU
		{D933CDEF-46D7-4447-991A-0F09CBE6CFEC}.Debug|Any CPU.ActiveCfg = Debug|Any CPU
		{D933CDEF-46D7-4447-991A-0F09CBE6CFEC}.Debug|Any CPU.Build.0 = Debug|Any CPU
		{D933CDEF-46D7-4447-991A-0F09CBE6CFEC}.Release|Any CPU.ActiveCfg = Release|Any CPU
		{D933CDEF-46D7-4447-991A-0F09CBE6CFEC}.Release|Any CPU.Build.0 = Release|Any CPU
		{E49CC361-3352-4F1E-A215-5D0475331C9E}.Debug|Any CPU.ActiveCfg = Debug|Any CPU
		{E49CC361-3352-4F1E-A215-5D0475331C9E}.Debug|Any CPU.Build.0 = Debug|Any CPU
		{E49CC361-3352-4F1E-A215-5D0475331C9E}.Release|Any CPU.ActiveCfg = Release|Any CPU
		{E49CC361-3352-4F1E-A215-5D0475331C9E}.Release|Any CPU.Build.0 = Release|Any CPU
		{3BAF3A88-914D-4A66-9011-8F289DBA9ABB}.Debug|Any CPU.ActiveCfg = Debug|Any CPU
		{3BAF3A88-914D-4A66-9011-8F289DBA9ABB}.Debug|Any CPU.Build.0 = Debug|Any CPU
		{3BAF3A88-914D-4A66-9011-8F289DBA9ABB}.Release|Any CPU.ActiveCfg = Release|Any CPU
		{3BAF3A88-914D-4A66-9011-8F289DBA9ABB}.Release|Any CPU.Build.0 = Release|Any CPU
		{7EE1EA3D-D1AA-47EE-B743-8CC284FCFDAF}.Debug|Any CPU.ActiveCfg = Debug|Any CPU
		{7EE1EA3D-D1AA-47EE-B743-8CC284FCFDAF}.Debug|Any CPU.Build.0 = Debug|Any CPU
		{7EE1EA3D-D1AA-47EE-B743-8CC284FCFDAF}.Release|Any CPU.ActiveCfg = Release|Any CPU
		{7EE1EA3D-D1AA-47EE-B743-8CC284FCFDAF}.Release|Any CPU.Build.0 = Release|Any CPU
		{84760CAF-371D-4550-9620-951B95E66DCA}.Debug|Any CPU.ActiveCfg = Debug|Any CPU
		{84760CAF-371D-4550-9620-951B95E66DCA}.Debug|Any CPU.Build.0 = Debug|Any CPU
		{84760CAF-371D-4550-9620-951B95E66DCA}.Release|Any CPU.ActiveCfg = Release|Any CPU
		{84760CAF-371D-4550-9620-951B95E66DCA}.Release|Any CPU.Build.0 = Release|Any CPU
		{4A500F10-8D44-437A-A30A-661B2F245E63}.Debug|Any CPU.ActiveCfg = Debug|Any CPU
		{4A500F10-8D44-437A-A30A-661B2F245E63}.Debug|Any CPU.Build.0 = Debug|Any CPU
		{4A500F10-8D44-437A-A30A-661B2F245E63}.Release|Any CPU.ActiveCfg = Release|Any CPU
		{4A500F10-8D44-437A-A30A-661B2F245E63}.Release|Any CPU.Build.0 = Release|Any CPU
		{9B248220-622B-4603-9856-3F6CC3DEF279}.Debug|Any CPU.ActiveCfg = Debug|Any CPU
		{9B248220-622B-4603-9856-3F6CC3DEF279}.Debug|Any CPU.Build.0 = Debug|Any CPU
		{9B248220-622B-4603-9856-3F6CC3DEF279}.Release|Any CPU.ActiveCfg = Release|Any CPU
		{9B248220-622B-4603-9856-3F6CC3DEF279}.Release|Any CPU.Build.0 = Release|Any CPU
		{285A80D7-1BCC-4B64-809D-2BDCA7151EA6}.Debug|Any CPU.ActiveCfg = Debug|Any CPU
		{285A80D7-1BCC-4B64-809D-2BDCA7151EA6}.Debug|Any CPU.Build.0 = Debug|Any CPU
		{285A80D7-1BCC-4B64-809D-2BDCA7151EA6}.Release|Any CPU.ActiveCfg = Release|Any CPU
		{285A80D7-1BCC-4B64-809D-2BDCA7151EA6}.Release|Any CPU.Build.0 = Release|Any CPU
		{8CD14BFC-8D2D-4421-8635-C013F93F80FD}.Debug|Any CPU.ActiveCfg = Debug|Any CPU
		{8CD14BFC-8D2D-4421-8635-C013F93F80FD}.Debug|Any CPU.Build.0 = Debug|Any CPU
		{8CD14BFC-8D2D-4421-8635-C013F93F80FD}.Release|Any CPU.ActiveCfg = Release|Any CPU
		{8CD14BFC-8D2D-4421-8635-C013F93F80FD}.Release|Any CPU.Build.0 = Release|Any CPU
		{6B39204D-59EA-48C1-B282-1C6B44E3609A}.Debug|Any CPU.ActiveCfg = Debug|Any CPU
		{6B39204D-59EA-48C1-B282-1C6B44E3609A}.Debug|Any CPU.Build.0 = Debug|Any CPU
		{6B39204D-59EA-48C1-B282-1C6B44E3609A}.Release|Any CPU.ActiveCfg = Release|Any CPU
		{6B39204D-59EA-48C1-B282-1C6B44E3609A}.Release|Any CPU.Build.0 = Release|Any CPU
		{53D1FF4E-1C62-4A6E-81F1-2DBD7337C61C}.Debug|Any CPU.ActiveCfg = Debug|Any CPU
		{53D1FF4E-1C62-4A6E-81F1-2DBD7337C61C}.Debug|Any CPU.Build.0 = Debug|Any CPU
		{53D1FF4E-1C62-4A6E-81F1-2DBD7337C61C}.Release|Any CPU.ActiveCfg = Release|Any CPU
		{53D1FF4E-1C62-4A6E-81F1-2DBD7337C61C}.Release|Any CPU.Build.0 = Release|Any CPU
		{F94EDEEC-17C7-4D07-8710-F14AC7D68B2F}.Debug|Any CPU.ActiveCfg = Debug|Any CPU
		{F94EDEEC-17C7-4D07-8710-F14AC7D68B2F}.Debug|Any CPU.Build.0 = Debug|Any CPU
		{F94EDEEC-17C7-4D07-8710-F14AC7D68B2F}.Release|Any CPU.ActiveCfg = Release|Any CPU
		{F94EDEEC-17C7-4D07-8710-F14AC7D68B2F}.Release|Any CPU.Build.0 = Release|Any CPU
		{DA18F111-40EB-4BC2-B98F-A1761AEB9935}.Debug|Any CPU.ActiveCfg = Debug|Any CPU
		{DA18F111-40EB-4BC2-B98F-A1761AEB9935}.Debug|Any CPU.Build.0 = Debug|Any CPU
		{DA18F111-40EB-4BC2-B98F-A1761AEB9935}.Release|Any CPU.ActiveCfg = Release|Any CPU
		{DA18F111-40EB-4BC2-B98F-A1761AEB9935}.Release|Any CPU.Build.0 = Release|Any CPU
		{03DA8EE8-6AAB-457D-9A3C-536D9BBCD8F6}.Debug|Any CPU.ActiveCfg = Debug|Any CPU
		{03DA8EE8-6AAB-457D-9A3C-536D9BBCD8F6}.Debug|Any CPU.Build.0 = Debug|Any CPU
		{03DA8EE8-6AAB-457D-9A3C-536D9BBCD8F6}.Release|Any CPU.ActiveCfg = Release|Any CPU
		{03DA8EE8-6AAB-457D-9A3C-536D9BBCD8F6}.Release|Any CPU.Build.0 = Release|Any CPU
	EndGlobalSection
	GlobalSection(SolutionProperties) = preSolution
		HideSolutionNode = FALSE
	EndGlobalSection
	GlobalSection(NestedProjects) = preSolution
		{E12DD9B0-64A0-4BCA-9D4C-151F45FD5678} = {9964966D-390B-47BC-9B60-CAFFCF1381B3}
		{D043C476-63BE-465C-A1DF-9656B277C767} = {73F52972-A0A2-42F2-B1A5-FEDCAC330FD8}
		{700279E4-EBE8-4F2F-83D6-C7990EA67496} = {73F52972-A0A2-42F2-B1A5-FEDCAC330FD8}
		{E83DB694-696E-41E6-9933-3977BD9FB0C9} = {9964966D-390B-47BC-9B60-CAFFCF1381B3}
		{9B087FF3-37B9-4477-A2CB-C44F1388758D} = {9964966D-390B-47BC-9B60-CAFFCF1381B3}
		{F5A5FC2B-E5A4-47A5-8C34-A187615CE83D} = {73F52972-A0A2-42F2-B1A5-FEDCAC330FD8}
		{92857809-F149-4E3C-835F-F2A3E0B5D3F1} = {73F52972-A0A2-42F2-B1A5-FEDCAC330FD8}
		{760F79BB-86EC-4A71-B65E-3CBDA370FED1} = {73F52972-A0A2-42F2-B1A5-FEDCAC330FD8}
		{F3F2410E-7640-404B-B3BA-DBBF3203DC6B} = {73F52972-A0A2-42F2-B1A5-FEDCAC330FD8}
		{1A4E60AE-24E5-41A6-AB4A-5A1A8CEA1FD8} = {73F52972-A0A2-42F2-B1A5-FEDCAC330FD8}
		{5B3DEDB3-F7C6-4B67-8DA0-05BC3E12D785} = {73F52972-A0A2-42F2-B1A5-FEDCAC330FD8}
		{3871C166-D520-4C37-AD9F-1A2AE35A6F44} = {9964966D-390B-47BC-9B60-CAFFCF1381B3}
		{DDF6E1C3-D278-4352-BB75-C6DFF421642F} = {73F52972-A0A2-42F2-B1A5-FEDCAC330FD8}
		{0292186A-A2B4-4979-BE6F-245C48D7F15A} = {9964966D-390B-47BC-9B60-CAFFCF1381B3}
		{017E410C-8C7C-4B0C-A69F-914FF7582BB8} = {9964966D-390B-47BC-9B60-CAFFCF1381B3}
		{2FE5DEA1-F628-476B-BACF-0FA220537A29} = {9964966D-390B-47BC-9B60-CAFFCF1381B3}
		{1F1DCDC3-9A3E-4AF6-97DA-96644AA03AEA} = {9964966D-390B-47BC-9B60-CAFFCF1381B3}
		{769368D2-B5DF-491B-ACC9-F17D074463C7} = {9964966D-390B-47BC-9B60-CAFFCF1381B3}
		{F496A4AE-FAEE-4D58-8582-80B48BB1FA50} = {9964966D-390B-47BC-9B60-CAFFCF1381B3}
		{D32D72F4-7D45-4610-B126-A658C36AC639} = {9964966D-390B-47BC-9B60-CAFFCF1381B3}
		{6131BB83-1182-4BCF-BDC8-50CA10575055} = {9964966D-390B-47BC-9B60-CAFFCF1381B3}
		{E3B2069E-B2E7-4E39-8C42-70A919BE29B1} = {9964966D-390B-47BC-9B60-CAFFCF1381B3}
		{7D72196C-980B-48D3-A830-15709937DEBD} = {73F52972-A0A2-42F2-B1A5-FEDCAC330FD8}
		{9B2A4629-EB54-4635-AF2C-B1BADF1B5170} = {73F52972-A0A2-42F2-B1A5-FEDCAC330FD8}
		{9C409067-96E9-4DF9-8619-85DE09314321} = {73F52972-A0A2-42F2-B1A5-FEDCAC330FD8}
		{949A8D0B-92B3-4BA8-8DD4-8240B45E42D3} = {9964966D-390B-47BC-9B60-CAFFCF1381B3}
		{37FBF153-04E1-41D1-B82C-0ABB4A9C9554} = {9964966D-390B-47BC-9B60-CAFFCF1381B3}
		{85CBA90B-5282-43D8-9884-AEDBBACD2D2B} = {9964966D-390B-47BC-9B60-CAFFCF1381B3}
		{E1D79399-B02C-4435-A10A-D51C70B3D1E8} = {9964966D-390B-47BC-9B60-CAFFCF1381B3}
		{D933CDEF-46D7-4447-991A-0F09CBE6CFEC} = {9964966D-390B-47BC-9B60-CAFFCF1381B3}
		{E49CC361-3352-4F1E-A215-5D0475331C9E} = {9964966D-390B-47BC-9B60-CAFFCF1381B3}
		{3BAF3A88-914D-4A66-9011-8F289DBA9ABB} = {9964966D-390B-47BC-9B60-CAFFCF1381B3}
		{7EE1EA3D-D1AA-47EE-B743-8CC284FCFDAF} = {73F52972-A0A2-42F2-B1A5-FEDCAC330FD8}
		{84760CAF-371D-4550-9620-951B95E66DCA} = {73F52972-A0A2-42F2-B1A5-FEDCAC330FD8}
		{4A500F10-8D44-437A-A30A-661B2F245E63} = {9964966D-390B-47BC-9B60-CAFFCF1381B3}
		{9B248220-622B-4603-9856-3F6CC3DEF279} = {9964966D-390B-47BC-9B60-CAFFCF1381B3}
		{285A80D7-1BCC-4B64-809D-2BDCA7151EA6} = {73F52972-A0A2-42F2-B1A5-FEDCAC330FD8}
		{8CD14BFC-8D2D-4421-8635-C013F93F80FD} = {9964966D-390B-47BC-9B60-CAFFCF1381B3}
		{6B39204D-59EA-48C1-B282-1C6B44E3609A} = {9964966D-390B-47BC-9B60-CAFFCF1381B3}
		{53D1FF4E-1C62-4A6E-81F1-2DBD7337C61C} = {9964966D-390B-47BC-9B60-CAFFCF1381B3}
		{F94EDEEC-17C7-4D07-8710-F14AC7D68B2F} = {9964966D-390B-47BC-9B60-CAFFCF1381B3}
		{DA18F111-40EB-4BC2-B98F-A1761AEB9935} = {9964966D-390B-47BC-9B60-CAFFCF1381B3}
		{03DA8EE8-6AAB-457D-9A3C-536D9BBCD8F6} = {9964966D-390B-47BC-9B60-CAFFCF1381B3}
	EndGlobalSection
	GlobalSection(ExtensibilityGlobals) = postSolution
		SolutionGuid = {D69380D7-DEA5-4884-85A8-1049025CE2EA}
	EndGlobalSection
EndGlobal
